
Microsoft Visual Studio Solution File, Format Version 12.00
# Visual Studio Version 16
VisualStudioVersion = 16.0.31729.503
MinimumVisualStudioVersion = 10.0.40219.1
Project("{FAE04EC0-301F-11D3-BF4B-00C04F79EFBC}") = "MyFirstApp", "MyFirstApp\MyFirstApp.csproj", "{90B5C647-E5D4-4F93-846A-F1DE8122F163}"
EndProject
Global
	GlobalSection(SolutionConfigurationPlatforms) = preSolution
		Debug|Any CPU = Debug|Any CPU
		Release|Any CPU = Release|Any CPU
	EndGlobalSection
	GlobalSection(ProjectConfigurationPlatforms) = postSolution
		{90B5C647-E5D4-4F93-846A-F1DE8122F163}.Debug|Any CPU.ActiveCfg = Debug|Any CPU
		{90B5C647-E5D4-4F93-846A-F1DE8122F163}.Debug|Any CPU.Build.0 = Debug|Any CPU
		{90B5C647-E5D4-4F93-846A-F1DE8122F163}.Release|Any CPU.ActiveCfg = Release|Any CPU
		{90B5C647-E5D4-4F93-846A-F1DE8122F163}.Release|Any CPU.Build.0 = Release|Any CPU
	EndGlobalSection
	GlobalSection(SolutionProperties) = preSolution
		HideSolutionNode = FALSE
	EndGlobalSection
	GlobalSection(ExtensibilityGlobals) = postSolution
		SolutionGuid = {A86CBEE8-6117-4BD2-8063-BEBEB62CA951}
	EndGlobalSection
EndGlobal
